
Microsoft Visual Studio Solution File, Format Version 12.00
# Visual Studio Version 17
VisualStudioVersion = 17.14.36603.0
MinimumVisualStudioVersion = 10.0.40219.1
Project("{FAE04EC0-301F-11D3-BF4B-00C04F79EFBC}") = "OnlyHumans.Base", "OnlyHumans.Base\OnlyHumans.Base.csproj", "{81DC24CF-B474-AE86-3438-648B93D220DF}"
EndProject
Project("{FAE04EC0-301F-11D3-BF4B-00C04F79EFBC}") = "OnlyHumans.Acp", "OnlyHumans.Acp\OnlyHumans.Acp.csproj", "{FAE1108F-8AF0-458E-9ED8-2A64A9C959ED}"
EndProject
Project("{FAE04EC0-301F-11D3-BF4B-00C04F79EFBC}") = "OnlyHumans.Acp.Tests", "..\tests\OnlyHumans.Acp.Tests\OnlyHumans.Acp.Tests.csproj", "{032FE94F-4E7A-4885-A9CD-466057C67CB8}"
EndProject
Project("{2150E333-8FDC-42A3-9474-1A3956D46DE8}") = "Tests", "Tests", "{02EA681E-C7D8-13C7-8484-4AC65E1B71E8}"
EndProject
Project("{FAE04EC0-301F-11D3-BF4B-00C04F79EFBC}") = "OnlyHumans.Understanding", "OnlyHumans.Understanding\OnlyHumans.Understanding.csproj", "{409339C8-EE3D-43D7-99C3-AF4E27EF2F05}"
EndProject
Project("{FAE04EC0-301F-11D3-BF4B-00C04F79EFBC}") = "OnlyHumans.Automation", "OnlyHumans.Automation\OnlyHumans.Automation.csproj", "{740AF4CE-FB98-466B-8E43-7B30C8E76EE0}"
EndProject
Project("{FAE04EC0-301F-11D3-BF4B-00C04F79EFBC}") = "OnlyHumans.Automation.Console", "OnlyHumans.Automation.Console\OnlyHumans.Automation.Console.csproj", "{5541E63B-983D-4628-85F7-144B694303E8}"
EndProject
Project("{2150E333-8FDC-42A3-9474-1A3956D46DE8}") = "External", "External", "{8B0C4C31-6AAD-418A-868E-CE0536AFE841}"
EndProject
Project("{FAE04EC0-301F-11D3-BF4B-00C04F79EFBC}") = "Jumbee.Console", "..\ext\Jumbee.Console\src\Jumbee.Console\Jumbee.Console.csproj", "{6FB78B1D-59A0-CA48-D01A-04BF224C1FC9}"
EndProject
Project("{FAE04EC0-301F-11D3-BF4B-00C04F79EFBC}") = "ConsoleGUI", "..\ext\Jumbee.Console\ext\C-sharp-console-gui-framework\ConsoleGUI\ConsoleGUI.csproj", "{341EDB22-7450-5529-1C19-D07EDF6360EE}"
EndProject
Project("{FAE04EC0-301F-11D3-BF4B-00C04F79EFBC}") = "Spectre.Console", "..\ext\Jumbee.Console\ext\spectre.console\src\Spectre.Console\Spectre.Console.csproj", "{DCDFB1CB-4777-ECC7-D69C-79DB9EFF1C8E}"
EndProject
Project("{2150E333-8FDC-42A3-9474-1A3956D46DE8}") = "Jumbee.Console", "Jumbee.Console", "{B3B51EEB-00C8-4BD3-99C1-A45025573399}"
EndProject
Project("{FAE04EC0-301F-11D3-BF4B-00C04F79EFBC}") = "OnlyHumans.Understanding.Tests", "..\tests\OnlyHumans.Understanding.Tests\OnlyHumans.Understanding.Tests.csproj", "{D5056712-41B2-13A0-6497-5C66A28C70EF}"
EndProject
Project("{2150E333-8FDC-42A3-9474-1A3956D46DE8}") = "Core", "Core", "{1E1DB4B5-E07A-437C-928E-D1C3BBF71F70}"
EndProject
Project("{2150E333-8FDC-42A3-9474-1A3956D46DE8}") = "Interfaces", "Interfaces", "{55533B3F-104E-4125-89A9-DDB0DA56BD72}"
EndProject
Project("{FAE04EC0-301F-11D3-BF4B-00C04F79EFBC}") = "Jumbee.Console.TestDemo", "..\ext\Jumbee.Console\src\Jumbee.Console.TestDemo\Jumbee.Console.TestDemo.csproj", "{9235D1F6-DA04-FFFD-94BA-21D38701FBEF}"
EndProject
Project("{FAE04EC0-301F-11D3-BF4B-00C04F79EFBC}") = "Vezel.Cathode.AnsiControlSequenceBuilder", "..\ext\Jumbee.Console\ext\Vezel.Cathode.AnsiControlSequenceBuilder\Vezel.Cathode.AnsiControlSequenceBuilder.csproj", "{8167714D-1A09-9C5F-3CCC-BBEDFB8EC09A}"
EndProject
Global
	GlobalSection(SolutionConfigurationPlatforms) = preSolution
		Debug|Any CPU = Debug|Any CPU
		Release|Any CPU = Release|Any CPU
	EndGlobalSection
	GlobalSection(ProjectConfigurationPlatforms) = postSolution
		{81DC24CF-B474-AE86-3438-648B93D220DF}.Debug|Any CPU.ActiveCfg = Debug|Any CPU
		{81DC24CF-B474-AE86-3438-648B93D220DF}.Debug|Any CPU.Build.0 = Debug|Any CPU
		{81DC24CF-B474-AE86-3438-648B93D220DF}.Release|Any CPU.ActiveCfg = Release|Any CPU
		{81DC24CF-B474-AE86-3438-648B93D220DF}.Release|Any CPU.Build.0 = Release|Any CPU
		{FAE1108F-8AF0-458E-9ED8-2A64A9C959ED}.Debug|Any CPU.ActiveCfg = Debug|Any CPU
		{FAE1108F-8AF0-458E-9ED8-2A64A9C959ED}.Debug|Any CPU.Build.0 = Debug|Any CPU
		{FAE1108F-8AF0-458E-9ED8-2A64A9C959ED}.Release|Any CPU.ActiveCfg = Release|Any CPU
		{FAE1108F-8AF0-458E-9ED8-2A64A9C959ED}.Release|Any CPU.Build.0 = Release|Any CPU
		{032FE94F-4E7A-4885-A9CD-466057C67CB8}.Debug|Any CPU.ActiveCfg = Debug|Any CPU
		{032FE94F-4E7A-4885-A9CD-466057C67CB8}.Debug|Any CPU.Build.0 = Debug|Any CPU
		{032FE94F-4E7A-4885-A9CD-466057C67CB8}.Release|Any CPU.ActiveCfg = Release|Any CPU
		{032FE94F-4E7A-4885-A9CD-466057C67CB8}.Release|Any CPU.Build.0 = Release|Any CPU
		{409339C8-EE3D-43D7-99C3-AF4E27EF2F05}.Debug|Any CPU.ActiveCfg = Debug|Any CPU
		{409339C8-EE3D-43D7-99C3-AF4E27EF2F05}.Debug|Any CPU.Build.0 = Debug|Any CPU
		{409339C8-EE3D-43D7-99C3-AF4E27EF2F05}.Release|Any CPU.ActiveCfg = Release|Any CPU
		{409339C8-EE3D-43D7-99C3-AF4E27EF2F05}.Release|Any CPU.Build.0 = Release|Any CPU
		{740AF4CE-FB98-466B-8E43-7B30C8E76EE0}.Debug|Any CPU.ActiveCfg = Debug|Any CPU
		{740AF4CE-FB98-466B-8E43-7B30C8E76EE0}.Debug|Any CPU.Build.0 = Debug|Any CPU
		{740AF4CE-FB98-466B-8E43-7B30C8E76EE0}.Release|Any CPU.ActiveCfg = Release|Any CPU
		{740AF4CE-FB98-466B-8E43-7B30C8E76EE0}.Release|Any CPU.Build.0 = Release|Any CPU
		{5541E63B-983D-4628-85F7-144B694303E8}.Debug|Any CPU.ActiveCfg = Debug|Any CPU
		{5541E63B-983D-4628-85F7-144B694303E8}.Debug|Any CPU.Build.0 = Debug|Any CPU
		{5541E63B-983D-4628-85F7-144B694303E8}.Release|Any CPU.ActiveCfg = Release|Any CPU
		{5541E63B-983D-4628-85F7-144B694303E8}.Release|Any CPU.Build.0 = Release|Any CPU
		{6FB78B1D-59A0-CA48-D01A-04BF224C1FC9}.Debug|Any CPU.ActiveCfg = Debug|Any CPU
		{6FB78B1D-59A0-CA48-D01A-04BF224C1FC9}.Debug|Any CPU.Build.0 = Debug|Any CPU
		{6FB78B1D-59A0-CA48-D01A-04BF224C1FC9}.Release|Any CPU.ActiveCfg = Release|Any CPU
		{6FB78B1D-59A0-CA48-D01A-04BF224C1FC9}.Release|Any CPU.Build.0 = Release|Any CPU
		{341EDB22-7450-5529-1C19-D07EDF6360EE}.Debug|Any CPU.ActiveCfg = Debug|Any CPU
		{341EDB22-7450-5529-1C19-D07EDF6360EE}.Debug|Any CPU.Build.0 = Debug|Any CPU
		{341EDB22-7450-5529-1C19-D07EDF6360EE}.Release|Any CPU.ActiveCfg = Release|Any CPU
		{341EDB22-7450-5529-1C19-D07EDF6360EE}.Release|Any CPU.Build.0 = Release|Any CPU
		{DCDFB1CB-4777-ECC7-D69C-79DB9EFF1C8E}.Debug|Any CPU.ActiveCfg = Debug|Any CPU
		{DCDFB1CB-4777-ECC7-D69C-79DB9EFF1C8E}.Debug|Any CPU.Build.0 = Debug|Any CPU
		{DCDFB1CB-4777-ECC7-D69C-79DB9EFF1C8E}.Release|Any CPU.ActiveCfg = Release|Any CPU
		{DCDFB1CB-4777-ECC7-D69C-79DB9EFF1C8E}.Release|Any CPU.Build.0 = Release|Any CPU
		{D5056712-41B2-13A0-6497-5C66A28C70EF}.Debug|Any CPU.ActiveCfg = Debug|Any CPU
		{D5056712-41B2-13A0-6497-5C66A28C70EF}.Debug|Any CPU.Build.0 = Debug|Any CPU
		{D5056712-41B2-13A0-6497-5C66A28C70EF}.Release|Any CPU.ActiveCfg = Release|Any CPU
		{D5056712-41B2-13A0-6497-5C66A28C70EF}.Release|Any CPU.Build.0 = Release|Any CPU
		{9235D1F6-DA04-FFFD-94BA-21D38701FBEF}.Debug|Any CPU.ActiveCfg = Debug|Any CPU
		{9235D1F6-DA04-FFFD-94BA-21D38701FBEF}.Debug|Any CPU.Build.0 = Debug|Any CPU
		{9235D1F6-DA04-FFFD-94BA-21D38701FBEF}.Release|Any CPU.ActiveCfg = Release|Any CPU
		{9235D1F6-DA04-FFFD-94BA-21D38701FBEF}.Release|Any CPU.Build.0 = Release|Any CPU
		{8167714D-1A09-9C5F-3CCC-BBEDFB8EC09A}.Debug|Any CPU.ActiveCfg = Debug|Any CPU
		{8167714D-1A09-9C5F-3CCC-BBEDFB8EC09A}.Debug|Any CPU.Build.0 = Debug|Any CPU
		{8167714D-1A09-9C5F-3CCC-BBEDFB8EC09A}.Release|Any CPU.ActiveCfg = Release|Any CPU
		{8167714D-1A09-9C5F-3CCC-BBEDFB8EC09A}.Release|Any CPU.Build.0 = Release|Any CPU
	EndGlobalSection
	GlobalSection(SolutionProperties) = preSolution
		HideSolutionNode = FALSE
	EndGlobalSection
	GlobalSection(NestedProjects) = preSolution
		{81DC24CF-B474-AE86-3438-648B93D220DF} = {1E1DB4B5-E07A-437C-928E-D1C3BBF71F70}
		{FAE1108F-8AF0-458E-9ED8-2A64A9C959ED} = {1E1DB4B5-E07A-437C-928E-D1C3BBF71F70}
		{032FE94F-4E7A-4885-A9CD-466057C67CB8} = {02EA681E-C7D8-13C7-8484-4AC65E1B71E8}
		{409339C8-EE3D-43D7-99C3-AF4E27EF2F05} = {1E1DB4B5-E07A-437C-928E-D1C3BBF71F70}
		{740AF4CE-FB98-466B-8E43-7B30C8E76EE0} = {1E1DB4B5-E07A-437C-928E-D1C3BBF71F70}
		{5541E63B-983D-4628-85F7-144B694303E8} = {55533B3F-104E-4125-89A9-DDB0DA56BD72}
		{6FB78B1D-59A0-CA48-D01A-04BF224C1FC9} = {B3B51EEB-00C8-4BD3-99C1-A45025573399}
		{341EDB22-7450-5529-1C19-D07EDF6360EE} = {B3B51EEB-00C8-4BD3-99C1-A45025573399}
		{DCDFB1CB-4777-ECC7-D69C-79DB9EFF1C8E} = {B3B51EEB-00C8-4BD3-99C1-A45025573399}
		{B3B51EEB-00C8-4BD3-99C1-A45025573399} = {8B0C4C31-6AAD-418A-868E-CE0536AFE841}
		{D5056712-41B2-13A0-6497-5C66A28C70EF} = {02EA681E-C7D8-13C7-8484-4AC65E1B71E8}
		{9235D1F6-DA04-FFFD-94BA-21D38701FBEF} = {8B0C4C31-6AAD-418A-868E-CE0536AFE841}
		{8167714D-1A09-9C5F-3CCC-BBEDFB8EC09A} = {B3B51EEB-00C8-4BD3-99C1-A45025573399}
	EndGlobalSection
	GlobalSection(ExtensibilityGlobals) = postSolution
		SolutionGuid = {2FDF94FF-73B5-4BDF-AB3C-30A7FA9AC990}
	EndGlobalSection
EndGlobal
